
Microsoft Visual Studio Solution File, Format Version 12.00
# Visual Studio Version 16
VisualStudioVersion = 25.0.1706.8
MinimumVisualStudioVersion = 10.0.40219.1
Project("{FAE04EC0-301F-11D3-BF4B-00C04F79EFBC}") = "MedvetitleBot.Gateway", "MedvetitleBot.Gateway\MedvetitleBot.Gateway.csproj", "{A386694A-F0B3-4F74-883B-BD5F57005AFE}"
EndProject
Project("{2150E333-8FDC-42A3-9474-1A3956D46DE8}") = "Solution Items", "Solution Items", "{9B1FDEDD-67D3-4BBE-850B-63DF488DA7E4}"
	ProjectSection(SolutionItems) = preProject
		.editorconfig = .editorconfig
	EndProjectSection
EndProject
Global
	GlobalSection(SolutionConfigurationPlatforms) = preSolution
		Debug|Any CPU = Debug|Any CPU
		Release|Any CPU = Release|Any CPU
	EndGlobalSection
	GlobalSection(ProjectConfigurationPlatforms) = postSolution
		{A386694A-F0B3-4F74-883B-BD5F57005AFE}.Debug|Any CPU.ActiveCfg = Debug|Any CPU
		{A386694A-F0B3-4F74-883B-BD5F57005AFE}.Debug|Any CPU.Build.0 = Debug|Any CPU
		{A386694A-F0B3-4F74-883B-BD5F57005AFE}.Release|Any CPU.ActiveCfg = Release|Any CPU
		{A386694A-F0B3-4F74-883B-BD5F57005AFE}.Release|Any CPU.Build.0 = Release|Any CPU
	EndGlobalSection
	GlobalSection(SolutionProperties) = preSolution
		HideSolutionNode = FALSE
	EndGlobalSection
	GlobalSection(ExtensibilityGlobals) = postSolution
		SolutionGuid = {DE2995EE-40CB-414B-8C3A-15D707FB9900}
	EndGlobalSection
EndGlobal
